
Microsoft Visual Studio Solution File, Format Version 12.00
# Visual Studio Version 17
VisualStudioVersion = 17.13.35828.75 d17.13
MinimumVisualStudioVersion = 10.0.40219.1
Project("{FAE04EC0-301F-11D3-BF4B-00C04F79EFBC}") = "MVCClientDirectory", "MVCClientDirectory.csproj", "{3F52AC4E-AA9C-4214-B581-B65156AEA8F4}"
EndProject
Global
	GlobalSection(SolutionConfigurationPlatforms) = preSolution
		Debug|Any CPU = Debug|Any CPU
		Release|Any CPU = Release|Any CPU
	EndGlobalSection
	GlobalSection(ProjectConfigurationPlatforms) = postSolution
		{3F52AC4E-AA9C-4214-B581-B65156AEA8F4}.Debug|Any CPU.ActiveCfg = Debug|Any CPU
		{3F52AC4E-AA9C-4214-B581-B65156AEA8F4}.Debug|Any CPU.Build.0 = Debug|Any CPU
		{3F52AC4E-AA9C-4214-B581-B65156AEA8F4}.Release|Any CPU.ActiveCfg = Release|Any CPU
		{3F52AC4E-AA9C-4214-B581-B65156AEA8F4}.Release|Any CPU.Build.0 = Release|Any CPU
	EndGlobalSection
	GlobalSection(SolutionProperties) = preSolution
		HideSolutionNode = FALSE
	EndGlobalSection
	GlobalSection(ExtensibilityGlobals) = postSolution
		SolutionGuid = {42030451-FDB3-4B28-BE26-6AC6F45DDFF9}
	EndGlobalSection
EndGlobal
