
Microsoft Visual Studio Solution File, Format Version 12.00
# Visual Studio Version 17
VisualStudioVersion = 17.13.35828.75 d17.13
MinimumVisualStudioVersion = 10.0.40219.1
Project("{FAE04EC0-301F-11D3-BF4B-00C04F79EFBC}") = "CaseStudy6", "CaseStudy6.csproj", "{50D88CC4-852D-4DA0-B15F-85FC7D14620E}"
EndProject
Global
	GlobalSection(SolutionConfigurationPlatforms) = preSolution
		Debug|Any CPU = Debug|Any CPU
		Release|Any CPU = Release|Any CPU
	EndGlobalSection
	GlobalSection(ProjectConfigurationPlatforms) = postSolution
		{50D88CC4-852D-4DA0-B15F-85FC7D14620E}.Debug|Any CPU.ActiveCfg = Debug|Any CPU
		{50D88CC4-852D-4DA0-B15F-85FC7D14620E}.Debug|Any CPU.Build.0 = Debug|Any CPU
		{50D88CC4-852D-4DA0-B15F-85FC7D14620E}.Release|Any CPU.ActiveCfg = Release|Any CPU
		{50D88CC4-852D-4DA0-B15F-85FC7D14620E}.Release|Any CPU.Build.0 = Release|Any CPU
	EndGlobalSection
	GlobalSection(SolutionProperties) = preSolution
		HideSolutionNode = FALSE
	EndGlobalSection
	GlobalSection(ExtensibilityGlobals) = postSolution
		SolutionGuid = {515DFAE8-8826-4406-B23D-D7EC0E1DEB8D}
	EndGlobalSection
EndGlobal
