
Microsoft Visual Studio Solution File, Format Version 12.00
# Visual Studio Version 17
VisualStudioVersion = 17.13.35828.75
MinimumVisualStudioVersion = 10.0.40219.1
Project("{FAE04EC0-301F-11D3-BF4B-00C04F79EFBC}") = "StudentDAL", "StudentDAL.csproj", "{57F4AD4B-1D34-4030-9FCC-C85380E2BB18}"
EndProject
Project("{FAE04EC0-301F-11D3-BF4B-00C04F79EFBC}") = "StudentTests", "..\StudentTests\StudentTests.csproj", "{6F9CEA2A-CDA8-4B7C-8B6F-7DF0C16575CC}"
EndProject
Global
	GlobalSection(SolutionConfigurationPlatforms) = preSolution
		Debug|Any CPU = Debug|Any CPU
		Release|Any CPU = Release|Any CPU
	EndGlobalSection
	GlobalSection(ProjectConfigurationPlatforms) = postSolution
		{57F4AD4B-1D34-4030-9FCC-C85380E2BB18}.Debug|Any CPU.ActiveCfg = Debug|Any CPU
		{57F4AD4B-1D34-4030-9FCC-C85380E2BB18}.Debug|Any CPU.Build.0 = Debug|Any CPU
		{57F4AD4B-1D34-4030-9FCC-C85380E2BB18}.Release|Any CPU.ActiveCfg = Release|Any CPU
		{57F4AD4B-1D34-4030-9FCC-C85380E2BB18}.Release|Any CPU.Build.0 = Release|Any CPU
		{6F9CEA2A-CDA8-4B7C-8B6F-7DF0C16575CC}.Debug|Any CPU.ActiveCfg = Debug|Any CPU
		{6F9CEA2A-CDA8-4B7C-8B6F-7DF0C16575CC}.Debug|Any CPU.Build.0 = Debug|Any CPU
		{6F9CEA2A-CDA8-4B7C-8B6F-7DF0C16575CC}.Release|Any CPU.ActiveCfg = Release|Any CPU
		{6F9CEA2A-CDA8-4B7C-8B6F-7DF0C16575CC}.Release|Any CPU.Build.0 = Release|Any CPU
	EndGlobalSection
	GlobalSection(SolutionProperties) = preSolution
		HideSolutionNode = FALSE
	EndGlobalSection
	GlobalSection(ExtensibilityGlobals) = postSolution
		SolutionGuid = {31CA8169-BE24-44A6-8D65-1473A1C48786}
	EndGlobalSection
EndGlobal
